
Microsoft Visual Studio Solution File, Format Version 12.00
# Visual Studio Version 17
VisualStudioVersion = 17.1.32328.378
MinimumVisualStudioVersion = 10.0.40219.1
Project("{FAE04EC0-301F-11D3-BF4B-00C04F79EFBC}") = "Entities", "Entities\Entities.csproj", "{5FAF2CA7-47C5-494A-9CB4-911D6260AC0A}"
EndProject
Project("{FAE04EC0-301F-11D3-BF4B-00C04F79EFBC}") = "Core", "Core\Core.csproj", "{CC93B9A6-4524-402D-95E8-212E5391FCFA}"
EndProject
Project("{2150E333-8FDC-42A3-9474-1A3956D46DE8}") = "Solution Items", "Solution Items", "{7CAD9E60-61CB-4C33-A5C5-0E670B61F67E}"
	ProjectSection(SolutionItems) = preProject
		.editorconfig = .editorconfig
	EndProjectSection
EndProject
Project("{FAE04EC0-301F-11D3-BF4B-00C04F79EFBC}") = "DataAccess", "DataAccess\DataAccess.csproj", "{34AA6494-D353-40EE-9B91-E7CE94D26AED}"
EndProject
Global
	GlobalSection(SolutionConfigurationPlatforms) = preSolution
		Debug|Any CPU = Debug|Any CPU
		Release|Any CPU = Release|Any CPU
	EndGlobalSection
	GlobalSection(ProjectConfigurationPlatforms) = postSolution
		{5FAF2CA7-47C5-494A-9CB4-911D6260AC0A}.Debug|Any CPU.ActiveCfg = Debug|Any CPU
		{5FAF2CA7-47C5-494A-9CB4-911D6260AC0A}.Debug|Any CPU.Build.0 = Debug|Any CPU
		{5FAF2CA7-47C5-494A-9CB4-911D6260AC0A}.Release|Any CPU.ActiveCfg = Release|Any CPU
		{5FAF2CA7-47C5-494A-9CB4-911D6260AC0A}.Release|Any CPU.Build.0 = Release|Any CPU
		{CC93B9A6-4524-402D-95E8-212E5391FCFA}.Debug|Any CPU.ActiveCfg = Debug|Any CPU
		{CC93B9A6-4524-402D-95E8-212E5391FCFA}.Debug|Any CPU.Build.0 = Debug|Any CPU
		{CC93B9A6-4524-402D-95E8-212E5391FCFA}.Release|Any CPU.ActiveCfg = Release|Any CPU
		{CC93B9A6-4524-402D-95E8-212E5391FCFA}.Release|Any CPU.Build.0 = Release|Any CPU
		{34AA6494-D353-40EE-9B91-E7CE94D26AED}.Debug|Any CPU.ActiveCfg = Debug|Any CPU
		{34AA6494-D353-40EE-9B91-E7CE94D26AED}.Debug|Any CPU.Build.0 = Debug|Any CPU
		{34AA6494-D353-40EE-9B91-E7CE94D26AED}.Release|Any CPU.ActiveCfg = Release|Any CPU
		{34AA6494-D353-40EE-9B91-E7CE94D26AED}.Release|Any CPU.Build.0 = Release|Any CPU
	EndGlobalSection
	GlobalSection(SolutionProperties) = preSolution
		HideSolutionNode = FALSE
	EndGlobalSection
	GlobalSection(ExtensibilityGlobals) = postSolution
		SolutionGuid = {DE83170A-FDD1-4046-8B4C-A3A7F99FFBB8}
	EndGlobalSection
EndGlobal
